
Microsoft Visual Studio Solution File, Format Version 12.00
# Visual Studio Version 17
VisualStudioVersion = 17.5.33414.496
MinimumVisualStudioVersion = 10.0.40219.1
Project("{FAE04EC0-301F-11D3-BF4B-00C04F79EFBC}") = "Bomberman_Practica", "Bomberman_Practica\Bomberman_Practica.csproj", "{4BB27726-F9A0-4EDB-94C1-2484818CDBBF}"
EndProject
Project("{9A19103F-16F7-4668-BE54-9A1E7A4F7556}") = "ConnexioBD", "ConnexioBD\ConnexioBD.csproj", "{F8DCB1FF-0338-4295-ACA4-811A84B0EC30}"
EndProject
Project("{FAE04EC0-301F-11D3-BF4B-00C04F79EFBC}") = "cesar_gerard", "..\..\Examen UF2\Plantilla_BD\Plantilla_BD\cesar_gerard.csproj", "{7211F604-BDC5-480E-B208-0BC71E0CFF91}"
EndProject
Project("{9A19103F-16F7-4668-BE54-9A1E7A4F7556}") = "DBLib", "..\..\Examen UF2\Plantilla_BD\DBLib\DBLib.csproj", "{08167306-16C6-4909-9220-87F57F0CB29B}"
EndProject
Global
	GlobalSection(SolutionConfigurationPlatforms) = preSolution
		Debug|Any CPU = Debug|Any CPU
		Debug|ARM = Debug|ARM
		Debug|ARM64 = Debug|ARM64
		Debug|x64 = Debug|x64
		Debug|x86 = Debug|x86
		Release|Any CPU = Release|Any CPU
		Release|ARM = Release|ARM
		Release|ARM64 = Release|ARM64
		Release|x64 = Release|x64
		Release|x86 = Release|x86
	EndGlobalSection
	GlobalSection(ProjectConfigurationPlatforms) = postSolution
		{4BB27726-F9A0-4EDB-94C1-2484818CDBBF}.Debug|Any CPU.ActiveCfg = Debug|x64
		{4BB27726-F9A0-4EDB-94C1-2484818CDBBF}.Debug|Any CPU.Build.0 = Debug|x64
		{4BB27726-F9A0-4EDB-94C1-2484818CDBBF}.Debug|Any CPU.Deploy.0 = Debug|x64
		{4BB27726-F9A0-4EDB-94C1-2484818CDBBF}.Debug|ARM.ActiveCfg = Debug|ARM
		{4BB27726-F9A0-4EDB-94C1-2484818CDBBF}.Debug|ARM.Build.0 = Debug|ARM
		{4BB27726-F9A0-4EDB-94C1-2484818CDBBF}.Debug|ARM.Deploy.0 = Debug|ARM
		{4BB27726-F9A0-4EDB-94C1-2484818CDBBF}.Debug|ARM64.ActiveCfg = Debug|ARM64
		{4BB27726-F9A0-4EDB-94C1-2484818CDBBF}.Debug|ARM64.Build.0 = Debug|ARM64
		{4BB27726-F9A0-4EDB-94C1-2484818CDBBF}.Debug|ARM64.Deploy.0 = Debug|ARM64
		{4BB27726-F9A0-4EDB-94C1-2484818CDBBF}.Debug|x64.ActiveCfg = Debug|x64
		{4BB27726-F9A0-4EDB-94C1-2484818CDBBF}.Debug|x64.Build.0 = Debug|x64
		{4BB27726-F9A0-4EDB-94C1-2484818CDBBF}.Debug|x64.Deploy.0 = Debug|x64
		{4BB27726-F9A0-4EDB-94C1-2484818CDBBF}.Debug|x86.ActiveCfg = Debug|x86
		{4BB27726-F9A0-4EDB-94C1-2484818CDBBF}.Debug|x86.Build.0 = Debug|x86
		{4BB27726-F9A0-4EDB-94C1-2484818CDBBF}.Debug|x86.Deploy.0 = Debug|x86
		{4BB27726-F9A0-4EDB-94C1-2484818CDBBF}.Release|Any CPU.ActiveCfg = Release|x64
		{4BB27726-F9A0-4EDB-94C1-2484818CDBBF}.Release|Any CPU.Build.0 = Release|x64
		{4BB27726-F9A0-4EDB-94C1-2484818CDBBF}.Release|Any CPU.Deploy.0 = Release|x64
		{4BB27726-F9A0-4EDB-94C1-2484818CDBBF}.Release|ARM.ActiveCfg = Release|ARM
		{4BB27726-F9A0-4EDB-94C1-2484818CDBBF}.Release|ARM.Build.0 = Release|ARM
		{4BB27726-F9A0-4EDB-94C1-2484818CDBBF}.Release|ARM.Deploy.0 = Release|ARM
		{4BB27726-F9A0-4EDB-94C1-2484818CDBBF}.Release|ARM64.ActiveCfg = Release|ARM64
		{4BB27726-F9A0-4EDB-94C1-2484818CDBBF}.Release|ARM64.Build.0 = Release|ARM64
		{4BB27726-F9A0-4EDB-94C1-2484818CDBBF}.Release|ARM64.Deploy.0 = Release|ARM64
		{4BB27726-F9A0-4EDB-94C1-2484818CDBBF}.Release|x64.ActiveCfg = Release|x64
		{4BB27726-F9A0-4EDB-94C1-2484818CDBBF}.Release|x64.Build.0 = Release|x64
		{4BB27726-F9A0-4EDB-94C1-2484818CDBBF}.Release|x64.Deploy.0 = Release|x64
		{4BB27726-F9A0-4EDB-94C1-2484818CDBBF}.Release|x86.ActiveCfg = Release|x86
		{4BB27726-F9A0-4EDB-94C1-2484818CDBBF}.Release|x86.Build.0 = Release|x86
		{4BB27726-F9A0-4EDB-94C1-2484818CDBBF}.Release|x86.Deploy.0 = Release|x86
		{F8DCB1FF-0338-4295-ACA4-811A84B0EC30}.Debug|Any CPU.ActiveCfg = Debug|Any CPU
		{F8DCB1FF-0338-4295-ACA4-811A84B0EC30}.Debug|Any CPU.Build.0 = Debug|Any CPU
		{F8DCB1FF-0338-4295-ACA4-811A84B0EC30}.Debug|ARM.ActiveCfg = Debug|Any CPU
		{F8DCB1FF-0338-4295-ACA4-811A84B0EC30}.Debug|ARM.Build.0 = Debug|Any CPU
		{F8DCB1FF-0338-4295-ACA4-811A84B0EC30}.Debug|ARM64.ActiveCfg = Debug|Any CPU
		{F8DCB1FF-0338-4295-ACA4-811A84B0EC30}.Debug|ARM64.Build.0 = Debug|Any CPU
		{F8DCB1FF-0338-4295-ACA4-811A84B0EC30}.Debug|x64.ActiveCfg = Debug|Any CPU
		{F8DCB1FF-0338-4295-ACA4-811A84B0EC30}.Debug|x64.Build.0 = Debug|Any CPU
		{F8DCB1FF-0338-4295-ACA4-811A84B0EC30}.Debug|x86.ActiveCfg = Debug|Any CPU
		{F8DCB1FF-0338-4295-ACA4-811A84B0EC30}.Debug|x86.Build.0 = Debug|Any CPU
		{F8DCB1FF-0338-4295-ACA4-811A84B0EC30}.Release|Any CPU.ActiveCfg = Release|Any CPU
		{F8DCB1FF-0338-4295-ACA4-811A84B0EC30}.Release|Any CPU.Build.0 = Release|Any CPU
		{F8DCB1FF-0338-4295-ACA4-811A84B0EC30}.Release|ARM.ActiveCfg = Release|Any CPU
		{F8DCB1FF-0338-4295-ACA4-811A84B0EC30}.Release|ARM.Build.0 = Release|Any CPU
		{F8DCB1FF-0338-4295-ACA4-811A84B0EC30}.Release|ARM64.ActiveCfg = Release|Any CPU
		{F8DCB1FF-0338-4295-ACA4-811A84B0EC30}.Release|ARM64.Build.0 = Release|Any CPU
		{F8DCB1FF-0338-4295-ACA4-811A84B0EC30}.Release|x64.ActiveCfg = Release|Any CPU
		{F8DCB1FF-0338-4295-ACA4-811A84B0EC30}.Release|x64.Build.0 = Release|Any CPU
		{F8DCB1FF-0338-4295-ACA4-811A84B0EC30}.Release|x86.ActiveCfg = Release|Any CPU
		{F8DCB1FF-0338-4295-ACA4-811A84B0EC30}.Release|x86.Build.0 = Release|Any CPU
		{7211F604-BDC5-480E-B208-0BC71E0CFF91}.Debug|Any CPU.ActiveCfg = Debug|x64
		{7211F604-BDC5-480E-B208-0BC71E0CFF91}.Debug|Any CPU.Build.0 = Debug|x64
		{7211F604-BDC5-480E-B208-0BC71E0CFF91}.Debug|Any CPU.Deploy.0 = Debug|x64
		{7211F604-BDC5-480E-B208-0BC71E0CFF91}.Debug|ARM.ActiveCfg = Debug|ARM
		{7211F604-BDC5-480E-B208-0BC71E0CFF91}.Debug|ARM.Build.0 = Debug|ARM
		{7211F604-BDC5-480E-B208-0BC71E0CFF91}.Debug|ARM.Deploy.0 = Debug|ARM
		{7211F604-BDC5-480E-B208-0BC71E0CFF91}.Debug|ARM64.ActiveCfg = Debug|ARM64
		{7211F604-BDC5-480E-B208-0BC71E0CFF91}.Debug|ARM64.Build.0 = Debug|ARM64
		{7211F604-BDC5-480E-B208-0BC71E0CFF91}.Debug|ARM64.Deploy.0 = Debug|ARM64
		{7211F604-BDC5-480E-B208-0BC71E0CFF91}.Debug|x64.ActiveCfg = Debug|x64
		{7211F604-BDC5-480E-B208-0BC71E0CFF91}.Debug|x64.Build.0 = Debug|x64
		{7211F604-BDC5-480E-B208-0BC71E0CFF91}.Debug|x64.Deploy.0 = Debug|x64
		{7211F604-BDC5-480E-B208-0BC71E0CFF91}.Debug|x86.ActiveCfg = Debug|x86
		{7211F604-BDC5-480E-B208-0BC71E0CFF91}.Debug|x86.Build.0 = Debug|x86
		{7211F604-BDC5-480E-B208-0BC71E0CFF91}.Debug|x86.Deploy.0 = Debug|x86
		{7211F604-BDC5-480E-B208-0BC71E0CFF91}.Release|Any CPU.ActiveCfg = Release|x64
		{7211F604-BDC5-480E-B208-0BC71E0CFF91}.Release|Any CPU.Build.0 = Release|x64
		{7211F604-BDC5-480E-B208-0BC71E0CFF91}.Release|Any CPU.Deploy.0 = Release|x64
		{7211F604-BDC5-480E-B208-0BC71E0CFF91}.Release|ARM.ActiveCfg = Release|ARM
		{7211F604-BDC5-480E-B208-0BC71E0CFF91}.Release|ARM.Build.0 = Release|ARM
		{7211F604-BDC5-480E-B208-0BC71E0CFF91}.Release|ARM.Deploy.0 = Release|ARM
		{7211F604-BDC5-480E-B208-0BC71E0CFF91}.Release|ARM64.ActiveCfg = Release|ARM64
		{7211F604-BDC5-480E-B208-0BC71E0CFF91}.Release|ARM64.Build.0 = Release|ARM64
		{7211F604-BDC5-480E-B208-0BC71E0CFF91}.Release|ARM64.Deploy.0 = Release|ARM64
		{7211F604-BDC5-480E-B208-0BC71E0CFF91}.Release|x64.ActiveCfg = Release|x64
		{7211F604-BDC5-480E-B208-0BC71E0CFF91}.Release|x64.Build.0 = Release|x64
		{7211F604-BDC5-480E-B208-0BC71E0CFF91}.Release|x64.Deploy.0 = Release|x64
		{7211F604-BDC5-480E-B208-0BC71E0CFF91}.Release|x86.ActiveCfg = Release|x86
		{7211F604-BDC5-480E-B208-0BC71E0CFF91}.Release|x86.Build.0 = Release|x86
		{7211F604-BDC5-480E-B208-0BC71E0CFF91}.Release|x86.Deploy.0 = Release|x86
		{08167306-16C6-4909-9220-87F57F0CB29B}.Debug|Any CPU.ActiveCfg = Debug|Any CPU
		{08167306-16C6-4909-9220-87F57F0CB29B}.Debug|Any CPU.Build.0 = Debug|Any CPU
		{08167306-16C6-4909-9220-87F57F0CB29B}.Debug|ARM.ActiveCfg = Debug|Any CPU
		{08167306-16C6-4909-9220-87F57F0CB29B}.Debug|ARM.Build.0 = Debug|Any CPU
		{08167306-16C6-4909-9220-87F57F0CB29B}.Debug|ARM64.ActiveCfg = Debug|Any CPU
		{08167306-16C6-4909-9220-87F57F0CB29B}.Debug|ARM64.Build.0 = Debug|Any CPU
		{08167306-16C6-4909-9220-87F57F0CB29B}.Debug|x64.ActiveCfg = Debug|Any CPU
		{08167306-16C6-4909-9220-87F57F0CB29B}.Debug|x64.Build.0 = Debug|Any CPU
		{08167306-16C6-4909-9220-87F57F0CB29B}.Debug|x86.ActiveCfg = Debug|Any CPU
		{08167306-16C6-4909-9220-87F57F0CB29B}.Debug|x86.Build.0 = Debug|Any CPU
		{08167306-16C6-4909-9220-87F57F0CB29B}.Release|Any CPU.ActiveCfg = Release|Any CPU
		{08167306-16C6-4909-9220-87F57F0CB29B}.Release|Any CPU.Build.0 = Release|Any CPU
		{08167306-16C6-4909-9220-87F57F0CB29B}.Release|ARM.ActiveCfg = Release|Any CPU
		{08167306-16C6-4909-9220-87F57F0CB29B}.Release|ARM.Build.0 = Release|Any CPU
		{08167306-16C6-4909-9220-87F57F0CB29B}.Release|ARM64.ActiveCfg = Release|Any CPU
		{08167306-16C6-4909-9220-87F57F0CB29B}.Release|ARM64.Build.0 = Release|Any CPU
		{08167306-16C6-4909-9220-87F57F0CB29B}.Release|x64.ActiveCfg = Release|Any CPU
		{08167306-16C6-4909-9220-87F57F0CB29B}.Release|x64.Build.0 = Release|Any CPU
		{08167306-16C6-4909-9220-87F57F0CB29B}.Release|x86.ActiveCfg = Release|Any CPU
		{08167306-16C6-4909-9220-87F57F0CB29B}.Release|x86.Build.0 = Release|Any CPU
	EndGlobalSection
	GlobalSection(SolutionProperties) = preSolution
		HideSolutionNode = FALSE
	EndGlobalSection
	GlobalSection(ExtensibilityGlobals) = postSolution
		SolutionGuid = {2766B50B-BD19-4869-803D-5700114771DE}
	EndGlobalSection
EndGlobal
